
Microsoft Visual Studio Solution File, Format Version 12.00
# Visual Studio 15
VisualStudioVersion = 15.0.26430.12
MinimumVisualStudioVersion = 10.0.40219.1
Project("{9A19103F-16F7-4668-BE54-9A1E7A4F7556}") = "TechRadar.Web", "TechRadar.Web\TechRadar.Web.csproj", "{EEB0082B-DB97-4B1F-81FE-D58122FBDEF1}"
EndProject
Project("{9A19103F-16F7-4668-BE54-9A1E7A4F7556}") = "TechRadar.Services", "TechRadar.Services\TechRadar.Services.csproj", "{4C23A975-B3CB-4B80-8349-8327ABF5AEB7}"
EndProject
Project("{FAE04EC0-301F-11D3-BF4B-00C04F79EFBC}") = "TechRadar.Services.Test", "TechRadar.Services.Test\TechRadar.Services.Test.csproj", "{84571EAC-73E6-4B89-97AC-1E1477A77805}"
EndProject
Project("{FAE04EC0-301F-11D3-BF4B-00C04F79EFBC}") = "TechRadar.Services.Artifacts", "TechRadar.Services.Artifacts\TechRadar.Services.Artifacts.csproj", "{2F9BD49C-E14D-4AB6-B2F0-098B97D54433}"
EndProject
Project("{E53339B2-1760-4266-BCC7-CA923CBCF16C}") = "docker-compose", "docker-compose.dcproj", "{09669EB9-35F8-4BA8-B420-3B267DE47278}"
EndProject
Global
	GlobalSection(SolutionConfigurationPlatforms) = preSolution
		Debug|Any CPU = Debug|Any CPU
		Release|Any CPU = Release|Any CPU
	EndGlobalSection
	GlobalSection(ProjectConfigurationPlatforms) = postSolution
		{EEB0082B-DB97-4B1F-81FE-D58122FBDEF1}.Debug|Any CPU.ActiveCfg = Debug|Any CPU
		{EEB0082B-DB97-4B1F-81FE-D58122FBDEF1}.Debug|Any CPU.Build.0 = Debug|Any CPU
		{EEB0082B-DB97-4B1F-81FE-D58122FBDEF1}.Release|Any CPU.ActiveCfg = Release|Any CPU
		{EEB0082B-DB97-4B1F-81FE-D58122FBDEF1}.Release|Any CPU.Build.0 = Release|Any CPU
		{4C23A975-B3CB-4B80-8349-8327ABF5AEB7}.Debug|Any CPU.ActiveCfg = Debug|Any CPU
		{4C23A975-B3CB-4B80-8349-8327ABF5AEB7}.Debug|Any CPU.Build.0 = Debug|Any CPU
		{4C23A975-B3CB-4B80-8349-8327ABF5AEB7}.Release|Any CPU.ActiveCfg = Release|Any CPU
		{4C23A975-B3CB-4B80-8349-8327ABF5AEB7}.Release|Any CPU.Build.0 = Release|Any CPU
		{84571EAC-73E6-4B89-97AC-1E1477A77805}.Debug|Any CPU.ActiveCfg = Debug|Any CPU
		{84571EAC-73E6-4B89-97AC-1E1477A77805}.Debug|Any CPU.Build.0 = Debug|Any CPU
		{84571EAC-73E6-4B89-97AC-1E1477A77805}.Release|Any CPU.ActiveCfg = Release|Any CPU
		{84571EAC-73E6-4B89-97AC-1E1477A77805}.Release|Any CPU.Build.0 = Release|Any CPU
		{2F9BD49C-E14D-4AB6-B2F0-098B97D54433}.Debug|Any CPU.ActiveCfg = Debug|Any CPU
		{2F9BD49C-E14D-4AB6-B2F0-098B97D54433}.Debug|Any CPU.Build.0 = Debug|Any CPU
		{2F9BD49C-E14D-4AB6-B2F0-098B97D54433}.Release|Any CPU.ActiveCfg = Release|Any CPU
		{2F9BD49C-E14D-4AB6-B2F0-098B97D54433}.Release|Any CPU.Build.0 = Release|Any CPU
		{09669EB9-35F8-4BA8-B420-3B267DE47278}.Debug|Any CPU.ActiveCfg = Debug|Any CPU
		{09669EB9-35F8-4BA8-B420-3B267DE47278}.Debug|Any CPU.Build.0 = Debug|Any CPU
		{09669EB9-35F8-4BA8-B420-3B267DE47278}.Release|Any CPU.ActiveCfg = Release|Any CPU
		{09669EB9-35F8-4BA8-B420-3B267DE47278}.Release|Any CPU.Build.0 = Release|Any CPU
	EndGlobalSection
	GlobalSection(SolutionProperties) = preSolution
		HideSolutionNode = FALSE
	EndGlobalSection
EndGlobal
